
Microsoft Visual Studio Solution File, Format Version 12.00
# Visual Studio 2015
Project("{FAE04EC0-301F-11D3-BF4B-00C04F79EFBC}") = "FINAL", "FINAL.csproj", "{A8735092-1937-7854-917D-70D9FBCBA1A0}"
EndProject
Project("{FAE04EC0-301F-11D3-BF4B-00C04F79EFBC}") = "FINAL.Editor", "FINAL.Editor.csproj", "{23E7C336-1866-E5EF-A190-84E8875A27B3}"
EndProject
Global
	GlobalSection(SolutionConfigurationPlatforms) = preSolution
		Debug|Any CPU = Debug|Any CPU
		Release|Any CPU = Release|Any CPU
	EndGlobalSection
	GlobalSection(ProjectConfigurationPlatforms) = postSolution
		{A8735092-1937-7854-917D-70D9FBCBA1A0}.Debug|Any CPU.ActiveCfg = Debug|Any CPU
		{A8735092-1937-7854-917D-70D9FBCBA1A0}.Debug|Any CPU.Build.0 = Debug|Any CPU
		{A8735092-1937-7854-917D-70D9FBCBA1A0}.Release|Any CPU.ActiveCfg = Release|Any CPU
		{A8735092-1937-7854-917D-70D9FBCBA1A0}.Release|Any CPU.Build.0 = Release|Any CPU
		{23E7C336-1866-E5EF-A190-84E8875A27B3}.Debug|Any CPU.ActiveCfg = Debug|Any CPU
		{23E7C336-1866-E5EF-A190-84E8875A27B3}.Debug|Any CPU.Build.0 = Debug|Any CPU
		{23E7C336-1866-E5EF-A190-84E8875A27B3}.Release|Any CPU.ActiveCfg = Release|Any CPU
		{23E7C336-1866-E5EF-A190-84E8875A27B3}.Release|Any CPU.Build.0 = Release|Any CPU
	EndGlobalSection
	GlobalSection(SolutionProperties) = preSolution
		HideSolutionNode = FALSE
	EndGlobalSection
EndGlobal
